
Microsoft Visual Studio Solution File, Format Version 12.00
# Visual Studio Version 16
VisualStudioVersion = 16.0.30114.105
MinimumVisualStudioVersion = 10.0.40219.1
Project("{2150E333-8FDC-42A3-9474-1A3956D46DE8}") = "src", "src", "{B523AEEA-4609-48F9-937D-A37750B26F8D}"
EndProject
Project("{F2A71F9B-5D33-465A-A702-920D77279786}") = "Library", "src\Library\Library.fsproj", "{2467CF29-A708-4E8A-A6C0-DA1ED267A6BF}"
EndProject
Project("{F2A71F9B-5D33-465A-A702-920D77279786}") = "App", "src\App\App.fsproj", "{5AB8690B-8130-42EB-BF58-DCFF1E078C60}"
EndProject
Global
	GlobalSection(SolutionConfigurationPlatforms) = preSolution
		Debug|Any CPU = Debug|Any CPU
		Debug|x64 = Debug|x64
		Debug|x86 = Debug|x86
		Release|Any CPU = Release|Any CPU
		Release|x64 = Release|x64
		Release|x86 = Release|x86
	EndGlobalSection
	GlobalSection(SolutionProperties) = preSolution
		HideSolutionNode = FALSE
	EndGlobalSection
	GlobalSection(ProjectConfigurationPlatforms) = postSolution
		{2467CF29-A708-4E8A-A6C0-DA1ED267A6BF}.Debug|Any CPU.ActiveCfg = Debug|Any CPU
		{2467CF29-A708-4E8A-A6C0-DA1ED267A6BF}.Debug|Any CPU.Build.0 = Debug|Any CPU
		{2467CF29-A708-4E8A-A6C0-DA1ED267A6BF}.Debug|x64.ActiveCfg = Debug|Any CPU
		{2467CF29-A708-4E8A-A6C0-DA1ED267A6BF}.Debug|x64.Build.0 = Debug|Any CPU
		{2467CF29-A708-4E8A-A6C0-DA1ED267A6BF}.Debug|x86.ActiveCfg = Debug|Any CPU
		{2467CF29-A708-4E8A-A6C0-DA1ED267A6BF}.Debug|x86.Build.0 = Debug|Any CPU
		{2467CF29-A708-4E8A-A6C0-DA1ED267A6BF}.Release|Any CPU.ActiveCfg = Release|Any CPU
		{2467CF29-A708-4E8A-A6C0-DA1ED267A6BF}.Release|Any CPU.Build.0 = Release|Any CPU
		{2467CF29-A708-4E8A-A6C0-DA1ED267A6BF}.Release|x64.ActiveCfg = Release|Any CPU
		{2467CF29-A708-4E8A-A6C0-DA1ED267A6BF}.Release|x64.Build.0 = Release|Any CPU
		{2467CF29-A708-4E8A-A6C0-DA1ED267A6BF}.Release|x86.ActiveCfg = Release|Any CPU
		{2467CF29-A708-4E8A-A6C0-DA1ED267A6BF}.Release|x86.Build.0 = Release|Any CPU
		{5AB8690B-8130-42EB-BF58-DCFF1E078C60}.Debug|Any CPU.ActiveCfg = Debug|Any CPU
		{5AB8690B-8130-42EB-BF58-DCFF1E078C60}.Debug|Any CPU.Build.0 = Debug|Any CPU
		{5AB8690B-8130-42EB-BF58-DCFF1E078C60}.Debug|x64.ActiveCfg = Debug|Any CPU
		{5AB8690B-8130-42EB-BF58-DCFF1E078C60}.Debug|x64.Build.0 = Debug|Any CPU
		{5AB8690B-8130-42EB-BF58-DCFF1E078C60}.Debug|x86.ActiveCfg = Debug|Any CPU
		{5AB8690B-8130-42EB-BF58-DCFF1E078C60}.Debug|x86.Build.0 = Debug|Any CPU
		{5AB8690B-8130-42EB-BF58-DCFF1E078C60}.Release|Any CPU.ActiveCfg = Release|Any CPU
		{5AB8690B-8130-42EB-BF58-DCFF1E078C60}.Release|Any CPU.Build.0 = Release|Any CPU
		{5AB8690B-8130-42EB-BF58-DCFF1E078C60}.Release|x64.ActiveCfg = Release|Any CPU
		{5AB8690B-8130-42EB-BF58-DCFF1E078C60}.Release|x64.Build.0 = Release|Any CPU
		{5AB8690B-8130-42EB-BF58-DCFF1E078C60}.Release|x86.ActiveCfg = Release|Any CPU
		{5AB8690B-8130-42EB-BF58-DCFF1E078C60}.Release|x86.Build.0 = Release|Any CPU
	EndGlobalSection
	GlobalSection(NestedProjects) = preSolution
		{2467CF29-A708-4E8A-A6C0-DA1ED267A6BF} = {B523AEEA-4609-48F9-937D-A37750B26F8D}
		{5AB8690B-8130-42EB-BF58-DCFF1E078C60} = {B523AEEA-4609-48F9-937D-A37750B26F8D}
	EndGlobalSection
EndGlobal
